
Microsoft Visual Studio Solution File, Format Version 12.00
# Visual Studio 15
VisualStudioVersion = 15.0.26430.14
MinimumVisualStudioVersion = 10.0.40219.1
Project("{8BC9CEB8-8B4A-11D0-8D11-00A0C91BC942}") = "parallel_progr", "parallel_progr\parallel_progr.vcxproj", "{68B905E7-536C-491D-9635-EEA7B11AF72F}"
EndProject
Project("{8BC9CEB8-8B4A-11D0-8D11-00A0C91BC942}") = "01_seq", "01_seq\01_seq.vcxproj", "{1162BB9D-732D-439E-8D67-B3CE34A0A918}"
EndProject
Project("{8BC9CEB8-8B4A-11D0-8D11-00A0C91BC942}") = "01_omp", "01_omp\01_omp.vcxproj", "{434712C2-1C2A-4350-9D62-474817371A5D}"
EndProject
Project("{8BC9CEB8-8B4A-11D0-8D11-00A0C91BC942}") = "02_seq", "02_seq\02_seq.vcxproj", "{7AF5B19D-EB13-47E9-A719-F6EF5BAAE8E8}"
EndProject
Project("{8BC9CEB8-8B4A-11D0-8D11-00A0C91BC942}") = "02_omp", "02_omp\02_omp.vcxproj", "{FD60D946-9D98-411B-AD20-19564FA2B05C}"
EndProject
Project("{8BC9CEB8-8B4A-11D0-8D11-00A0C91BC942}") = "work_02", "work_02\work_02.vcxproj", "{84D07CA5-F8CE-4518-9CA9-332354B5DEB0}"
EndProject
Project("{8BC9CEB8-8B4A-11D0-8D11-00A0C91BC942}") = "work_03", "work_03\work_03.vcxproj", "{4F9613E7-713E-4F64-A822-B7DA4FD29A2C}"
EndProject
Project("{8BC9CEB8-8B4A-11D0-8D11-00A0C91BC942}") = "work_04", "work_04\work_04.vcxproj", "{5C6CAC54-924A-48F4-B5FE-28C1BBEE1F29}"
EndProject
Project("{8BC9CEB8-8B4A-11D0-8D11-00A0C91BC942}") = "work_04_parallel", "work_04_parallel\work_04_parallel.vcxproj", "{E590E3A5-8256-4C7A-A88C-EB441BD4D939}"
EndProject
Global
	GlobalSection(SolutionConfigurationPlatforms) = preSolution
		Debug|x64 = Debug|x64
		Debug|x86 = Debug|x86
		Release|x64 = Release|x64
		Release|x86 = Release|x86
	EndGlobalSection
	GlobalSection(ProjectConfigurationPlatforms) = postSolution
		{68B905E7-536C-491D-9635-EEA7B11AF72F}.Debug|x64.ActiveCfg = Debug|x64
		{68B905E7-536C-491D-9635-EEA7B11AF72F}.Debug|x64.Build.0 = Debug|x64
		{68B905E7-536C-491D-9635-EEA7B11AF72F}.Debug|x86.ActiveCfg = Debug|Win32
		{68B905E7-536C-491D-9635-EEA7B11AF72F}.Debug|x86.Build.0 = Debug|Win32
		{68B905E7-536C-491D-9635-EEA7B11AF72F}.Release|x64.ActiveCfg = Release|x64
		{68B905E7-536C-491D-9635-EEA7B11AF72F}.Release|x64.Build.0 = Release|x64
		{68B905E7-536C-491D-9635-EEA7B11AF72F}.Release|x86.ActiveCfg = Release|Win32
		{68B905E7-536C-491D-9635-EEA7B11AF72F}.Release|x86.Build.0 = Release|Win32
		{1162BB9D-732D-439E-8D67-B3CE34A0A918}.Debug|x64.ActiveCfg = Debug|x64
		{1162BB9D-732D-439E-8D67-B3CE34A0A918}.Debug|x64.Build.0 = Debug|x64
		{1162BB9D-732D-439E-8D67-B3CE34A0A918}.Debug|x86.ActiveCfg = Debug|Win32
		{1162BB9D-732D-439E-8D67-B3CE34A0A918}.Debug|x86.Build.0 = Debug|Win32
		{1162BB9D-732D-439E-8D67-B3CE34A0A918}.Release|x64.ActiveCfg = Release|x64
		{1162BB9D-732D-439E-8D67-B3CE34A0A918}.Release|x64.Build.0 = Release|x64
		{1162BB9D-732D-439E-8D67-B3CE34A0A918}.Release|x86.ActiveCfg = Release|Win32
		{1162BB9D-732D-439E-8D67-B3CE34A0A918}.Release|x86.Build.0 = Release|Win32
		{434712C2-1C2A-4350-9D62-474817371A5D}.Debug|x64.ActiveCfg = Debug|x64
		{434712C2-1C2A-4350-9D62-474817371A5D}.Debug|x64.Build.0 = Debug|x64
		{434712C2-1C2A-4350-9D62-474817371A5D}.Debug|x86.ActiveCfg = Debug|Win32
		{434712C2-1C2A-4350-9D62-474817371A5D}.Debug|x86.Build.0 = Debug|Win32
		{434712C2-1C2A-4350-9D62-474817371A5D}.Release|x64.ActiveCfg = Release|x64
		{434712C2-1C2A-4350-9D62-474817371A5D}.Release|x64.Build.0 = Release|x64
		{434712C2-1C2A-4350-9D62-474817371A5D}.Release|x86.ActiveCfg = Release|Win32
		{434712C2-1C2A-4350-9D62-474817371A5D}.Release|x86.Build.0 = Release|Win32
		{7AF5B19D-EB13-47E9-A719-F6EF5BAAE8E8}.Debug|x64.ActiveCfg = Debug|x64
		{7AF5B19D-EB13-47E9-A719-F6EF5BAAE8E8}.Debug|x64.Build.0 = Debug|x64
		{7AF5B19D-EB13-47E9-A719-F6EF5BAAE8E8}.Debug|x86.ActiveCfg = Debug|Win32
		{7AF5B19D-EB13-47E9-A719-F6EF5BAAE8E8}.Debug|x86.Build.0 = Debug|Win32
		{7AF5B19D-EB13-47E9-A719-F6EF5BAAE8E8}.Release|x64.ActiveCfg = Release|x64
		{7AF5B19D-EB13-47E9-A719-F6EF5BAAE8E8}.Release|x64.Build.0 = Release|x64
		{7AF5B19D-EB13-47E9-A719-F6EF5BAAE8E8}.Release|x86.ActiveCfg = Release|Win32
		{7AF5B19D-EB13-47E9-A719-F6EF5BAAE8E8}.Release|x86.Build.0 = Release|Win32
		{FD60D946-9D98-411B-AD20-19564FA2B05C}.Debug|x64.ActiveCfg = Debug|x64
		{FD60D946-9D98-411B-AD20-19564FA2B05C}.Debug|x64.Build.0 = Debug|x64
		{FD60D946-9D98-411B-AD20-19564FA2B05C}.Debug|x86.ActiveCfg = Debug|Win32
		{FD60D946-9D98-411B-AD20-19564FA2B05C}.Debug|x86.Build.0 = Debug|Win32
		{FD60D946-9D98-411B-AD20-19564FA2B05C}.Release|x64.ActiveCfg = Release|x64
		{FD60D946-9D98-411B-AD20-19564FA2B05C}.Release|x64.Build.0 = Release|x64
		{FD60D946-9D98-411B-AD20-19564FA2B05C}.Release|x86.ActiveCfg = Release|Win32
		{FD60D946-9D98-411B-AD20-19564FA2B05C}.Release|x86.Build.0 = Release|Win32
		{84D07CA5-F8CE-4518-9CA9-332354B5DEB0}.Debug|x64.ActiveCfg = Debug|x64
		{84D07CA5-F8CE-4518-9CA9-332354B5DEB0}.Debug|x64.Build.0 = Debug|x64
		{84D07CA5-F8CE-4518-9CA9-332354B5DEB0}.Debug|x86.ActiveCfg = Debug|Win32
		{84D07CA5-F8CE-4518-9CA9-332354B5DEB0}.Debug|x86.Build.0 = Debug|Win32
		{84D07CA5-F8CE-4518-9CA9-332354B5DEB0}.Release|x64.ActiveCfg = Release|x64
		{84D07CA5-F8CE-4518-9CA9-332354B5DEB0}.Release|x64.Build.0 = Release|x64
		{84D07CA5-F8CE-4518-9CA9-332354B5DEB0}.Release|x86.ActiveCfg = Release|Win32
		{84D07CA5-F8CE-4518-9CA9-332354B5DEB0}.Release|x86.Build.0 = Release|Win32
		{4F9613E7-713E-4F64-A822-B7DA4FD29A2C}.Debug|x64.ActiveCfg = Debug|x64
		{4F9613E7-713E-4F64-A822-B7DA4FD29A2C}.Debug|x64.Build.0 = Debug|x64
		{4F9613E7-713E-4F64-A822-B7DA4FD29A2C}.Debug|x86.ActiveCfg = Debug|Win32
		{4F9613E7-713E-4F64-A822-B7DA4FD29A2C}.Debug|x86.Build.0 = Debug|Win32
		{4F9613E7-713E-4F64-A822-B7DA4FD29A2C}.Release|x64.ActiveCfg = Release|x64
		{4F9613E7-713E-4F64-A822-B7DA4FD29A2C}.Release|x64.Build.0 = Release|x64
		{4F9613E7-713E-4F64-A822-B7DA4FD29A2C}.Release|x86.ActiveCfg = Release|Win32
		{4F9613E7-713E-4F64-A822-B7DA4FD29A2C}.Release|x86.Build.0 = Release|Win32
		{5C6CAC54-924A-48F4-B5FE-28C1BBEE1F29}.Debug|x64.ActiveCfg = Debug|x64
		{5C6CAC54-924A-48F4-B5FE-28C1BBEE1F29}.Debug|x64.Build.0 = Debug|x64
		{5C6CAC54-924A-48F4-B5FE-28C1BBEE1F29}.Debug|x86.ActiveCfg = Debug|Win32
		{5C6CAC54-924A-48F4-B5FE-28C1BBEE1F29}.Debug|x86.Build.0 = Debug|Win32
		{5C6CAC54-924A-48F4-B5FE-28C1BBEE1F29}.Release|x64.ActiveCfg = Release|x64
		{5C6CAC54-924A-48F4-B5FE-28C1BBEE1F29}.Release|x64.Build.0 = Release|x64
		{5C6CAC54-924A-48F4-B5FE-28C1BBEE1F29}.Release|x86.ActiveCfg = Release|Win32
		{5C6CAC54-924A-48F4-B5FE-28C1BBEE1F29}.Release|x86.Build.0 = Release|Win32
		{E590E3A5-8256-4C7A-A88C-EB441BD4D939}.Debug|x64.ActiveCfg = Debug|x64
		{E590E3A5-8256-4C7A-A88C-EB441BD4D939}.Debug|x64.Build.0 = Debug|x64
		{E590E3A5-8256-4C7A-A88C-EB441BD4D939}.Debug|x86.ActiveCfg = Debug|Win32
		{E590E3A5-8256-4C7A-A88C-EB441BD4D939}.Debug|x86.Build.0 = Debug|Win32
		{E590E3A5-8256-4C7A-A88C-EB441BD4D939}.Release|x64.ActiveCfg = Release|x64
		{E590E3A5-8256-4C7A-A88C-EB441BD4D939}.Release|x64.Build.0 = Release|x64
		{E590E3A5-8256-4C7A-A88C-EB441BD4D939}.Release|x86.ActiveCfg = Release|Win32
		{E590E3A5-8256-4C7A-A88C-EB441BD4D939}.Release|x86.Build.0 = Release|Win32
	EndGlobalSection
	GlobalSection(SolutionProperties) = preSolution
		HideSolutionNode = FALSE
	EndGlobalSection
	GlobalSection(ExtensibilityGlobals) = postSolution
		SolutionGuid = {C04FDC07-453F-4D6F-968E-B8D76C50C484}
	EndGlobalSection
EndGlobal
